
Microsoft Visual Studio Solution File, Format Version 12.00
# Visual Studio Version 17
VisualStudioVersion = 17.4.33110.190
MinimumVisualStudioVersion = 10.0.40219.1
Project("{9A19103F-16F7-4668-BE54-9A1E7A4F7556}") = "MustDoList.Data", "MustDoList.Data\MustDoList.Data.csproj", "{1EDD6F67-57E8-40D5-8081-42757D6A7849}"
EndProject
Project("{9A19103F-16F7-4668-BE54-9A1E7A4F7556}") = "MustDoList.API", "MustDoList.API\MustDoList.API.csproj", "{D52C3B57-D192-4DEF-8F2D-CE2BA6BD1606}"
EndProject
Project("{9A19103F-16F7-4668-BE54-9A1E7A4F7556}") = "MustDoList.Domain", "MustDoList.Domain\MustDoList.Domain.csproj", "{7636C2C8-3799-4327-B9DE-3B454A1F4013}"
EndProject
Project("{9A19103F-16F7-4668-BE54-9A1E7A4F7556}") = "MustDoList.Service", "MustDoList.Service\MustDoList.Service.csproj", "{2DAD94DF-CEDF-4073-9552-CE00BACD5728}"
EndProject
Project("{FAE04EC0-301F-11D3-BF4B-00C04F79EFBC}") = "MustDoList.Dto", "MustDoList.Dto\MustDoList.Dto.csproj", "{B723795D-DCFF-4A0C-BF4C-365D3B03943E}"
EndProject
Global
	GlobalSection(SolutionConfigurationPlatforms) = preSolution
		Debug|Any CPU = Debug|Any CPU
		Release|Any CPU = Release|Any CPU
	EndGlobalSection
	GlobalSection(ProjectConfigurationPlatforms) = postSolution
		{1EDD6F67-57E8-40D5-8081-42757D6A7849}.Debug|Any CPU.ActiveCfg = Debug|Any CPU
		{1EDD6F67-57E8-40D5-8081-42757D6A7849}.Debug|Any CPU.Build.0 = Debug|Any CPU
		{1EDD6F67-57E8-40D5-8081-42757D6A7849}.Release|Any CPU.ActiveCfg = Release|Any CPU
		{1EDD6F67-57E8-40D5-8081-42757D6A7849}.Release|Any CPU.Build.0 = Release|Any CPU
		{D52C3B57-D192-4DEF-8F2D-CE2BA6BD1606}.Debug|Any CPU.ActiveCfg = Debug|Any CPU
		{D52C3B57-D192-4DEF-8F2D-CE2BA6BD1606}.Debug|Any CPU.Build.0 = Debug|Any CPU
		{D52C3B57-D192-4DEF-8F2D-CE2BA6BD1606}.Release|Any CPU.ActiveCfg = Release|Any CPU
		{D52C3B57-D192-4DEF-8F2D-CE2BA6BD1606}.Release|Any CPU.Build.0 = Release|Any CPU
		{7636C2C8-3799-4327-B9DE-3B454A1F4013}.Debug|Any CPU.ActiveCfg = Debug|Any CPU
		{7636C2C8-3799-4327-B9DE-3B454A1F4013}.Debug|Any CPU.Build.0 = Debug|Any CPU
		{7636C2C8-3799-4327-B9DE-3B454A1F4013}.Release|Any CPU.ActiveCfg = Release|Any CPU
		{7636C2C8-3799-4327-B9DE-3B454A1F4013}.Release|Any CPU.Build.0 = Release|Any CPU
		{2DAD94DF-CEDF-4073-9552-CE00BACD5728}.Debug|Any CPU.ActiveCfg = Debug|Any CPU
		{2DAD94DF-CEDF-4073-9552-CE00BACD5728}.Debug|Any CPU.Build.0 = Debug|Any CPU
		{2DAD94DF-CEDF-4073-9552-CE00BACD5728}.Release|Any CPU.ActiveCfg = Release|Any CPU
		{2DAD94DF-CEDF-4073-9552-CE00BACD5728}.Release|Any CPU.Build.0 = Release|Any CPU
		{B723795D-DCFF-4A0C-BF4C-365D3B03943E}.Debug|Any CPU.ActiveCfg = Debug|Any CPU
		{B723795D-DCFF-4A0C-BF4C-365D3B03943E}.Debug|Any CPU.Build.0 = Debug|Any CPU
		{B723795D-DCFF-4A0C-BF4C-365D3B03943E}.Release|Any CPU.ActiveCfg = Release|Any CPU
		{B723795D-DCFF-4A0C-BF4C-365D3B03943E}.Release|Any CPU.Build.0 = Release|Any CPU
	EndGlobalSection
	GlobalSection(SolutionProperties) = preSolution
		HideSolutionNode = FALSE
	EndGlobalSection
	GlobalSection(ExtensibilityGlobals) = postSolution
		SolutionGuid = {F992505E-40D3-415A-9B3B-6C84658CCBEE}
	EndGlobalSection
EndGlobal
